
Microsoft Visual Studio Solution File, Format Version 12.00
# Visual Studio 15
VisualStudioVersion = 15.0.26730.16
MinimumVisualStudioVersion = 10.0.40219.1
Project("{FAE04EC0-301F-11D3-BF4B-00C04F79EFBC}") = "App", "App\App.csproj", "{FBBFEA3C-2E13-4B88-A5D6-5686A5D66902}"
EndProject
Project("{FAE04EC0-301F-11D3-BF4B-00C04F79EFBC}") = "App.Models", "App.Models\App.Models.csproj", "{0B676FEF-0E90-4F2B-8FB5-FAEE7A5CCD69}"
EndProject
Project("{FAE04EC0-301F-11D3-BF4B-00C04F79EFBC}") = "App.Services", "Services\App.Services.csproj", "{34A1D1C7-018C-427C-8868-4E73B2BC4053}"
EndProject
Project("{FAE04EC0-301F-11D3-BF4B-00C04F79EFBC}") = "App.Shared", "App.Shared\App.Shared.csproj", "{F24342A6-9072-43CC-8128-5C87175440CF}"
EndProject
Project("{FAE04EC0-301F-11D3-BF4B-00C04F79EFBC}") = "App.Test", "App.Test\App.Test.csproj", "{5144E986-87EB-4E25-801F-141E84722F1C}"
EndProject
Global
	GlobalSection(SolutionConfigurationPlatforms) = preSolution
		Debug|Any CPU = Debug|Any CPU
		Release|Any CPU = Release|Any CPU
	EndGlobalSection
	GlobalSection(ProjectConfigurationPlatforms) = postSolution
		{FBBFEA3C-2E13-4B88-A5D6-5686A5D66902}.Debug|Any CPU.ActiveCfg = Debug|Any CPU
		{FBBFEA3C-2E13-4B88-A5D6-5686A5D66902}.Debug|Any CPU.Build.0 = Debug|Any CPU
		{FBBFEA3C-2E13-4B88-A5D6-5686A5D66902}.Release|Any CPU.ActiveCfg = Release|Any CPU
		{FBBFEA3C-2E13-4B88-A5D6-5686A5D66902}.Release|Any CPU.Build.0 = Release|Any CPU
		{0B676FEF-0E90-4F2B-8FB5-FAEE7A5CCD69}.Debug|Any CPU.ActiveCfg = Debug|Any CPU
		{0B676FEF-0E90-4F2B-8FB5-FAEE7A5CCD69}.Debug|Any CPU.Build.0 = Debug|Any CPU
		{0B676FEF-0E90-4F2B-8FB5-FAEE7A5CCD69}.Release|Any CPU.ActiveCfg = Release|Any CPU
		{0B676FEF-0E90-4F2B-8FB5-FAEE7A5CCD69}.Release|Any CPU.Build.0 = Release|Any CPU
		{34A1D1C7-018C-427C-8868-4E73B2BC4053}.Debug|Any CPU.ActiveCfg = Debug|Any CPU
		{34A1D1C7-018C-427C-8868-4E73B2BC4053}.Debug|Any CPU.Build.0 = Debug|Any CPU
		{34A1D1C7-018C-427C-8868-4E73B2BC4053}.Release|Any CPU.ActiveCfg = Release|Any CPU
		{34A1D1C7-018C-427C-8868-4E73B2BC4053}.Release|Any CPU.Build.0 = Release|Any CPU
		{F24342A6-9072-43CC-8128-5C87175440CF}.Debug|Any CPU.ActiveCfg = Debug|Any CPU
		{F24342A6-9072-43CC-8128-5C87175440CF}.Debug|Any CPU.Build.0 = Debug|Any CPU
		{F24342A6-9072-43CC-8128-5C87175440CF}.Release|Any CPU.ActiveCfg = Release|Any CPU
		{F24342A6-9072-43CC-8128-5C87175440CF}.Release|Any CPU.Build.0 = Release|Any CPU
		{5144E986-87EB-4E25-801F-141E84722F1C}.Debug|Any CPU.ActiveCfg = Debug|Any CPU
		{5144E986-87EB-4E25-801F-141E84722F1C}.Debug|Any CPU.Build.0 = Debug|Any CPU
		{5144E986-87EB-4E25-801F-141E84722F1C}.Release|Any CPU.ActiveCfg = Release|Any CPU
		{5144E986-87EB-4E25-801F-141E84722F1C}.Release|Any CPU.Build.0 = Release|Any CPU
	EndGlobalSection
	GlobalSection(SolutionProperties) = preSolution
		HideSolutionNode = FALSE
	EndGlobalSection
	GlobalSection(ExtensibilityGlobals) = postSolution
		SolutionGuid = {04C015DF-D9D7-4BBA-8675-62D44634E987}
	EndGlobalSection
EndGlobal
